// !$*UTF8*$!
{
	archiveVersion = 1;
	classes = {
	};
	objectVersion = 56;
	objects = {

/* Begin PBXBuildFile section */
		59EF5C5B29927C0900FE8256 /* AppDelegate.swift in Sources */ = {isa = PBXBuildFile; fileRef = 59EF5C5A29927C0900FE8256 /* AppDelegate.swift */; };
		59EF5C5D29927C0900FE8256 /* SceneDelegate.swift in Sources */ = {isa = PBXBuildFile; fileRef = 59EF5C5C29927C0900FE8256 /* SceneDelegate.swift */; };
		59EF5C5F29927C0900FE8256 /* ViewController.swift in Sources */ = {isa = PBXBuildFile; fileRef = 59EF5C5E29927C0900FE8256 /* ViewController.swift */; };
		59EF5C6229927C0900FE8256 /* Main.storyboard in Resources */ = {isa = PBXBuildFile; fileRef = 59EF5C6029927C0900FE8256 /* Main.storyboard */; };
		59EF5C6429927C0C00FE8256 /* Assets.xcassets in Resources */ = {isa = PBXBuildFile; fileRef = 59EF5C6329927C0C00FE8256 /* Assets.xcassets */; };
		59EF5C6729927C0C00FE8256 /* LaunchScreen.storyboard in Resources */ = {isa = PBXBuildFile; fileRef = 59EF5C6529927C0C00FE8256 /* LaunchScreen.storyboard */; };
		59EF5C7229927C0C00FE8256 /* DeckWorkOutTests.swift in Sources */ = {isa = PBXBuildFile; fileRef = 59EF5C7129927C0C00FE8256 /* DeckWorkOutTests.swift */; };
		59EF5C7C29927C0C00FE8256 /* DeckWorkOutUITests.swift in Sources */ = {isa = PBXBuildFile; fileRef = 59EF5C7B29927C0C00FE8256 /* DeckWorkOutUITests.swift */; };
		59EF5C7E29927C0C00FE8256 /* DeckWorkOutUITestsLaunchTests.swift in Sources */ = {isa = PBXBuildFile; fileRef = 59EF5C7D29927C0C00FE8256 /* DeckWorkOutUITestsLaunchTests.swift */; };
/* End PBXBuildFile section */

/* Begin PBXContainerItemProxy section */
		59EF5C6E29927C0C00FE8256 /* PBXContainerItemProxy */ = {
			isa = PBXContainerItemProxy;
			containerPortal = 59EF5C4F29927C0900FE8256 /* Project object */;
			proxyType = 1;
			remoteGlobalIDString = 59EF5C5629927C0900FE8256;
			remoteInfo = DeckWorkOut;
		};
		59EF5C7829927C0C00FE8256 /* PBXContainerItemProxy */ = {
			isa = PBXContainerItemProxy;
			containerPortal = 59EF5C4F29927C0900FE8256 /* Project object */;
			proxyType = 1;
			remoteGlobalIDString = 59EF5C5629927C0900FE8256;
			remoteInfo = DeckWorkOut;
		};
/* End PBXContainerItemProxy section */

/* Begin PBXFileReference section */
		59EF5C5729927C0900FE8256 /* DeckWorkOut.app */ = {isa = PBXFileReference; explicitFileType = wrapper.application; includeInIndex = 0; path = DeckWorkOut.app; sourceTree = BUILT_PRODUCTS_DIR; };
		59EF5C5A29927C0900FE8256 /* AppDelegate.swift */ = {isa = PBXFileReference; lastKnownFileType = sourcecode.swift; path = AppDelegate.swift; sourceTree = "<group>"; };
		59EF5C5C29927C0900FE8256 /* SceneDelegate.swift */ = {isa = PBXFileReference; lastKnownFileType = sourcecode.swift; path = SceneDelegate.swift; sourceTree = "<group>"; };
		59EF5C5E29927C0900FE8256 /* ViewController.swift */ = {isa = PBXFileReference; lastKnownFileType = sourcecode.swift; path = ViewController.swift; sourceTree = "<group>"; };
		59EF5C6129927C0900FE8256 /* Base */ = {isa = PBXFileReference; lastKnownFileType = file.storyboard; name = Base; path = Base.lproj/Main.storyboard; sourceTree = "<group>"; };
		59EF5C6329927C0C00FE8256 /* Assets.xcassets */ = {isa = PBXFileReference; lastKnownFileType = folder.assetcatalog; path = Assets.xcassets; sourceTree = "<group>"; };
		59EF5C6629927C0C00FE8256 /* Base */ = {isa = PBXFileReference; lastKnownFileType = file.storyboard; name = Base; path = Base.lproj/LaunchScreen.storyboard; sourceTree = "<group>"; };
		59EF5C6829927C0C00FE8256 /* Info.plist */ = {isa = PBXFileReference; lastKnownFileType = text.plist.xml; path = Info.plist; sourceTree = "<group>"; };
		59EF5C6D29927C0C00FE8256 /* DeckWorkOutTests.xctest */ = {isa = PBXFileReference; explicitFileType = wrapper.cfbundle; includeInIndex = 0; path = DeckWorkOutTests.xctest; sourceTree = BUILT_PRODUCTS_DIR; };
		59EF5C7129927C0C00FE8256 /* DeckWorkOutTests.swift */ = {isa = PBXFileReference; lastKnownFileType = sourcecode.swift; path = DeckWorkOutTests.swift; sourceTree = "<group>"; };
		59EF5C7729927C0C00FE8256 /* DeckWorkOutUITests.xctest */ = {isa = PBXFileReference; explicitFileType = wrapper.cfbundle; includeInIndex = 0; path = DeckWorkOutUITests.xctest; sourceTree = BUILT_PRODUCTS_DIR; };
		59EF5C7B29927C0C00FE8256 /* DeckWorkOutUITests.swift */ = {isa = PBXFileReference; lastKnownFileType = sourcecode.swift; path = DeckWorkOutUITests.swift; sourceTree = "<group>"; };
		59EF5C7D29927C0C00FE8256 /* DeckWorkOutUITestsLaunchTests.swift */ = {isa = PBXFileReference; lastKnownFileType = sourcecode.swift; path = DeckWorkOutUITestsLaunchTests.swift; sourceTree = "<group>"; };
/* End PBXFileReference section */

/* Begin PBXFrameworksBuildPhase section */
		59EF5C5429927C0900FE8256 /* Frameworks */ = {
			isa = PBXFrameworksBuildPhase;
			buildActionMask = 2147483647;
			files = (
			);
			runOnlyForDeploymentPostprocessing = 0;
		};
		59EF5C6A29927C0C00FE8256 /* Frameworks */ = {
			isa = PBXFrameworksBuildPhase;
			buildActionMask = 2147483647;
			files = (
			);
			runOnlyForDeploymentPostprocessing = 0;
		};
		59EF5C7429927C0C00FE8256 /* Frameworks */ = {
			isa = PBXFrameworksBuildPhase;
			buildActionMask = 2147483647;
			files = (
			);
			runOnlyForDeploymentPostprocessing = 0;
		};
/* End PBXFrameworksBuildPhase section */

/* Begin PBXGroup section */
		59EF5C4E29927C0900FE8256 = {
			isa = PBXGroup;
			children = (
				59EF5C5929927C0900FE8256 /* DeckWorkOut */,
				59EF5C7029927C0C00FE8256 /* DeckWorkOutTests */,
				59EF5C7A29927C0C00FE8256 /* DeckWorkOutUITests */,
				59EF5C5829927C0900FE8256 /* Products */,
			);
			sourceTree = "<group>";
		};
		59EF5C5829927C0900FE8256 /* Products */ = {
			isa = PBXGroup;
			children = (
				59EF5C5729927C0900FE8256 /* DeckWorkOut.app */,
				59EF5C6D29927C0C00FE8256 /* DeckWorkOutTests.xctest */,
				59EF5C7729927C0C00FE8256 /* DeckWorkOutUITests.xctest */,
			);
			name = Products;
			sourceTree = "<group>";
		};
		59EF5C5929927C0900FE8256 /* DeckWorkOut */ = {
			isa = PBXGroup;
			children = (
				59EF5C5A29927C0900FE8256 /* AppDelegate.swift */,
				59EF5C5C29927C0900FE8256 /* SceneDelegate.swift */,
				59EF5C5E29927C0900FE8256 /* ViewController.swift */,
				59EF5C6029927C0900FE8256 /* Main.storyboard */,
				59EF5C6329927C0C00FE8256 /* Assets.xcassets */,
				59EF5C6529927C0C00FE8256 /* LaunchScreen.storyboard */,
				59EF5C6829927C0C00FE8256 /* Info.plist */,
			);
			path = DeckWorkOut;
			sourceTree = "<group>";
		};
		59EF5C7029927C0C00FE8256 /* DeckWorkOutTests */ = {
			isa = PBXGroup;
			children = (
				59EF5C7129927C0C00FE8256 /* DeckWorkOutTests.swift */,
			);
			path = DeckWorkOutTests;
			sourceTree = "<group>";
		};
		59EF5C7A29927C0C00FE8256 /* DeckWorkOutUITests */ = {
			isa = PBXGroup;
			children = (
				59EF5C7B29927C0C00FE8256 /* DeckWorkOutUITests.swift */,
				59EF5C7D29927C0C00FE8256 /* DeckWorkOutUITestsLaunchTests.swift */,
			);
			path = DeckWorkOutUITests;
			sourceTree = "<group>";
		};
/* End PBXGroup section */

/* Begin PBXNativeTarget section */
		59EF5C5629927C0900FE8256 /* DeckWorkOut */ = {
			isa = PBXNativeTarget;
			buildConfigurationList = 59EF5C8129927C0C00FE8256 /* Build configuration list for PBXNativeTarget "DeckWorkOut" */;
			buildPhases = (
				59EF5C5329927C0900FE8256 /* Sources */,
				59EF5C5429927C0900FE8256 /* Frameworks */,
				59EF5C5529927C0900FE8256 /* Resources */,
			);
			buildRules = (
			);
			dependencies = (
			);
			name = DeckWorkOut;
			productName = DeckWorkOut;
			productReference = 59EF5C5729927C0900FE8256 /* DeckWorkOut.app */;
			productType = "com.apple.product-type.application";
		};
		59EF5C6C29927C0C00FE8256 /* DeckWorkOutTests */ = {
			isa = PBXNativeTarget;
			buildConfigurationList = 59EF5C8429927C0C00FE8256 /* Build configuration list for PBXNativeTarget "DeckWorkOutTests" */;
			buildPhases = (
				59EF5C6929927C0C00FE8256 /* Sources */,
				59EF5C6A29927C0C00FE8256 /* Frameworks */,
				59EF5C6B29927C0C00FE8256 /* Resources */,
			);
			buildRules = (
			);
			dependencies = (
				59EF5C6F29927C0C00FE8256 /* PBXTargetDependency */,
			);
			name = DeckWorkOutTests;
			productName = DeckWorkOutTests;
			productReference = 59EF5C6D29927C0C00FE8256 /* DeckWorkOutTests.xctest */;
			productType = "com.apple.product-type.bundle.unit-test";
		};
		59EF5C7629927C0C00FE8256 /* DeckWorkOutUITests */ = {
			isa = PBXNativeTarget;
			buildConfigurationList = 59EF5C8729927C0C00FE8256 /* Build configuration list for PBXNativeTarget "DeckWorkOutUITests" */;
			buildPhases = (
				59EF5C7329927C0C00FE8256 /* Sources */,
				59EF5C7429927C0C00FE8256 /* Frameworks */,
				59EF5C7529927C0C00FE8256 /* Resources */,
			);
			buildRules = (
			);
			dependencies = (
				59EF5C7929927C0C00FE8256 /* PBXTargetDependency */,
			);
			name = DeckWorkOutUITests;
			productName = DeckWorkOutUITests;
			productReference = 59EF5C7729927C0C00FE8256 /* DeckWorkOutUITests.xctest */;
			productType = "com.apple.product-type.bundle.ui-testing";
		};
/* End PBXNativeTarget section */

/* Begin PBXProject section */
		59EF5C4F29927C0900FE8256 /* Project object */ = {
			isa = PBXProject;
			attributes = {
				BuildIndependentTargetsInParallel = 1;
				LastSwiftUpdateCheck = 1420;
				LastUpgradeCheck = 1420;
				TargetAttributes = {
					59EF5C5629927C0900FE8256 = {
						CreatedOnToolsVersion = 14.2;
					};
					59EF5C6C29927C0C00FE8256 = {
						CreatedOnToolsVersion = 14.2;
						TestTargetID = 59EF5C5629927C0900FE8256;
					};
					59EF5C7629927C0C00FE8256 = {
						CreatedOnToolsVersion = 14.2;
						TestTargetID = 59EF5C5629927C0900FE8256;
					};
				};
			};
			buildConfigurationList = 59EF5C5229927C0900FE8256 /* Build configuration list for PBXProject "DeckWorkOut" */;
			compatibilityVersion = "Xcode 14.0";
			developmentRegion = en;
			hasScannedForEncodings = 0;
			knownRegions = (
				en,
				Base,
			);
			mainGroup = 59EF5C4E29927C0900FE8256;
			productRefGroup = 59EF5C5829927C0900FE8256 /* Products */;
			projectDirPath = "";
			projectRoot = "";
			targets = (
				59EF5C5629927C0900FE8256 /* DeckWorkOut */,
				59EF5C6C29927C0C00FE8256 /* DeckWorkOutTests */,
				59EF5C7629927C0C00FE8256 /* DeckWorkOutUITests */,
			);
		};
/* End PBXProject section */

/* Begin PBXResourcesBuildPhase section */
		59EF5C5529927C0900FE8256 /* Resources */ = {
			isa = PBXResourcesBuildPhase;
			buildActionMask = 2147483647;
			files = (
				59EF5C6729927C0C00FE8256 /* LaunchScreen.storyboard in Resources */,
				59EF5C6429927C0C00FE8256 /* Assets.xcassets in Resources */,
				59EF5C6229927C0900FE8256 /* Main.storyboard in Resources */,
			);
			runOnlyForDeploymentPostprocessing = 0;
		};
		59EF5C6B29927C0C00FE8256 /* Resources */ = {
			isa = PBXResourcesBuildPhase;
			buildActionMask = 2147483647;
			files = (
			);
			runOnlyForDeploymentPostprocessing = 0;
		};
		59EF5C7529927C0C00FE8256 /* Resources */ = {
			isa = PBXResourcesBuildPhase;
			buildActionMask = 2147483647;
			files = (
			);
			runOnlyForDeploymentPostprocessing = 0;
		};
/* End PBXResourcesBuildPhase section */

/* Begin PBXSourcesBuildPhase section */
		59EF5C5329927C0900FE8256 /* Sources */ = {
			isa = PBXSourcesBuildPhase;
			buildActionMask = 2147483647;
			files = (
				59EF5C5F29927C0900FE8256 /* ViewController.swift in Sources */,
				59EF5C5B29927C0900FE8256 /* AppDelegate.swift in Sources */,
				59EF5C5D29927C0900FE8256 /* SceneDelegate.swift in Sources */,
			);
			runOnlyForDeploymentPostprocessing = 0;
		};
		59EF5C6929927C0C00FE8256 /* Sources */ = {
			isa = PBXSourcesBuildPhase;
			buildActionMask = 2147483647;
			files = (
				59EF5C7229927C0C00FE8256 /* DeckWorkOutTests.swift in Sources */,
			);
			runOnlyForDeploymentPostprocessing = 0;
		};
		59EF5C7329927C0C00FE8256 /* Sources */ = {
			isa = PBXSourcesBuildPhase;
			buildActionMask = 2147483647;
			files = (
				59EF5C7C29927C0C00FE8256 /* DeckWorkOutUITests.swift in Sources */,
				59EF5C7E29927C0C00FE8256 /* DeckWorkOutUITestsLaunchTests.swift in Sources */,
			);
			runOnlyForDeploymentPostprocessing = 0;
		};
/* End PBXSourcesBuildPhase section */

/* Begin PBXTargetDependency section */
		59EF5C6F29927C0C00FE8256 /* PBXTargetDependency */ = {
			isa = PBXTargetDependency;
			target = 59EF5C5629927C0900FE8256 /* DeckWorkOut */;
			targetProxy = 59EF5C6E29927C0C00FE8256 /* PBXContainerItemProxy */;
		};
		59EF5C7929927C0C00FE8256 /* PBXTargetDependency */ = {
			isa = PBXTargetDependency;
			target = 59EF5C5629927C0900FE8256 /* DeckWorkOut */;
			targetProxy = 59EF5C7829927C0C00FE8256 /* PBXContainerItemProxy */;
		};
/* End PBXTargetDependency section */

/* Begin PBXVariantGroup section */
		59EF5C6029927C0900FE8256 /* Main.storyboard */ = {
			isa = PBXVariantGroup;
			children = (
				59EF5C6129927C0900FE8256 /* Base */,
			);
			name = Main.storyboard;
			sourceTree = "<group>";
		};
		59EF5C6529927C0C00FE8256 /* LaunchScreen.storyboard */ = {
			isa = PBXVariantGroup;
			children = (
				59EF5C6629927C0C00FE8256 /* Base */,
			);
			name = LaunchScreen.storyboard;
			sourceTree = "<group>";
		};
/* End PBXVariantGroup section */

/* Begin XCBuildConfiguration section */
		59EF5C7F29927C0C00FE8256 /* Debug */ = {
			isa = XCBuildConfiguration;
			buildSettings = {
				ALWAYS_SEARCH_USER_PATHS = NO;
				CLANG_ANALYZER_NONNULL = YES;
				CLANG_ANALYZER_NUMBER_OBJECT_CONVERSION = YES_AGGRESSIVE;
				CLANG_CXX_LANGUAGE_STANDARD = "gnu++20";
				CLANG_ENABLE_MODULES = YES;
				CLANG_ENABLE_OBJC_ARC = YES;
				CLANG_ENABLE_OBJC_WEAK = YES;
				CLANG_WARN_BLOCK_CAPTURE_AUTORELEASING = YES;
				CLANG_WARN_BOOL_CONVERSION = YES;
				CLANG_WARN_COMMA = YES;
				CLANG_WARN_CONSTANT_CONVERSION = YES;
				CLANG_WARN_DEPRECATED_OBJC_IMPLEMENTATIONS = YES;
				CLANG_WARN_DIRECT_OBJC_ISA_USAGE = YES_ERROR;
				CLANG_WARN_DOCUMENTATION_COMMENTS = YES;
				CLANG_WARN_EMPTY_BODY = YES;
				CLANG_WARN_ENUM_CONVERSION = YES;
				CLANG_WARN_INFINITE_RECURSION = YES;
				CLANG_WARN_INT_CONVERSION = YES;
				CLANG_WARN_NON_LITERAL_NULL_CONVERSION = YES;
				CLANG_WARN_OBJC_IMPLICIT_RETAIN_SELF = YES;
				CLANG_WARN_OBJC_LITERAL_CONVERSION = YES;
				CLANG_WARN_OBJC_ROOT_CLASS = YES_ERROR;
				CLANG_WARN_QUOTED_INCLUDE_IN_FRAMEWORK_HEADER = YES;
				CLANG_WARN_RANGE_LOOP_ANALYSIS = YES;
				CLANG_WARN_STRICT_PROTOTYPES = YES;
				CLANG_WARN_SUSPICIOUS_MOVE = YES;
				CLANG_WARN_UNGUARDED_AVAILABILITY = YES_AGGRESSIVE;
				CLANG_WARN_UNREACHABLE_CODE = YES;
				CLANG_WARN__DUPLICATE_METHOD_MATCH = YES;
				COPY_PHASE_STRIP = NO;
				DEBUG_INFORMATION_FORMAT = dwarf;
				ENABLE_STRICT_OBJC_MSGSEND = YES;
				ENABLE_TESTABILITY = YES;
				GCC_C_LANGUAGE_STANDARD = gnu11;
				GCC_DYNAMIC_NO_PIC = NO;
				GCC_NO_COMMON_BLOCKS = YES;
				GCC_OPTIMIZATION_LEVEL = 0;
				GCC_PREPROCESSOR_DEFINITIONS = (
					"DEBUG=1",
					"$(inherited)",
				);
				GCC_WARN_64_TO_32_BIT_CONVERSION = YES;
				GCC_WARN_ABOUT_RETURN_TYPE = YES_ERROR;
				GCC_WARN_UNDECLARED_SELECTOR = YES;
				GCC_WARN_UNINITIALIZED_AUTOS = YES_AGGRESSIVE;
				GCC_WARN_UNUSED_FUNCTION = YES;
				GCC_WARN_UNUSED_VARIABLE = YES;
				IPHONEOS_DEPLOYMENT_TARGET = 16.2;
				MTL_ENABLE_DEBUG_INFO = INCLUDE_SOURCE;
				MTL_FAST_MATH = YES;
				ONLY_ACTIVE_ARCH = YES;
				SDKROOT = iphoneos;
				SWIFT_ACTIVE_COMPILATION_CONDITIONS = DEBUG;
				SWIFT_OPTIMIZATION_LEVEL = "-Onone";
			};
			name = Debug;
		};
		59EF5C8029927C0C00FE8256 /* Release */ = {
			isa = XCBuildConfiguration;
			buildSettings = {
				ALWAYS_SEARCH_USER_PATHS = NO;
				CLANG_ANALYZER_NONNULL = YES;
				CLANG_ANALYZER_NUMBER_OBJECT_CONVERSION = YES_AGGRESSIVE;
				CLANG_CXX_LANGUAGE_STANDARD = "gnu++20";
				CLANG_ENABLE_MODULES = YES;
				CLANG_ENABLE_OBJC_ARC = YES;
				CLANG_ENABLE_OBJC_WEAK = YES;
				CLANG_WARN_BLOCK_CAPTURE_AUTORELEASING = YES;
				CLANG_WARN_BOOL_CONVERSION = YES;
				CLANG_WARN_COMMA = YES;
				CLANG_WARN_CONSTANT_CONVERSION = YES;
				CLANG_WARN_DEPRECATED_OBJC_IMPLEMENTATIONS = YES;
				CLANG_WARN_DIRECT_OBJC_ISA_USAGE = YES_ERROR;
				CLANG_WARN_DOCUMENTATION_COMMENTS = YES;
				CLANG_WARN_EMPTY_BODY = YES;
				CLANG_WARN_ENUM_CONVERSION = YES;
				CLANG_WARN_INFINITE_RECURSION = YES;
				CLANG_WARN_INT_CONVERSION = YES;
				CLANG_WARN_NON_LITERAL_NULL_CONVERSION = YES;
				CLANG_WARN_OBJC_IMPLICIT_RETAIN_SELF = YES;
				CLANG_WARN_OBJC_LITERAL_CONVERSION = YES;
				CLANG_WARN_OBJC_ROOT_CLASS = YES_ERROR;
				CLANG_WARN_QUOTED_INCLUDE_IN_FRAMEWORK_HEADER = YES;
				CLANG_WARN_RANGE_LOOP_ANALYSIS = YES;
				CLANG_WARN_STRICT_PROTOTYPES = YES;
				CLANG_WARN_SUSPICIOUS_MOVE = YES;
				CLANG_WARN_UNGUARDED_AVAILABILITY = YES_AGGRESSIVE;
				CLANG_WARN_UNREACHABLE_CODE = YES;
				CLANG_WARN__DUPLICATE_METHOD_MATCH = YES;
				COPY_PHASE_STRIP = NO;
				DEBUG_INFORMATION_FORMAT = "dwarf-with-dsym";
				ENABLE_NS_ASSERTIONS = NO;
				ENABLE_STRICT_OBJC_MSGSEND = YES;
				GCC_C_LANGUAGE_STANDARD = gnu11;
				GCC_NO_COMMON_BLOCKS = YES;
				GCC_WARN_64_TO_32_BIT_CONVERSION = YES;
				GCC_WARN_ABOUT_RETURN_TYPE = YES_ERROR;
				GCC_WARN_UNDECLARED_SELECTOR = YES;
				GCC_WARN_UNINITIALIZED_AUTOS = YES_AGGRESSIVE;
				GCC_WARN_UNUSED_FUNCTION = YES;
				GCC_WARN_UNUSED_VARIABLE = YES;
				IPHONEOS_DEPLOYMENT_TARGET = 16.2;
				MTL_ENABLE_DEBUG_INFO = NO;
				MTL_FAST_MATH = YES;
				SDKROOT = iphoneos;
				SWIFT_COMPILATION_MODE = wholemodule;
				SWIFT_OPTIMIZATION_LEVEL = "-O";
				VALIDATE_PRODUCT = YES;
			};
			name = Release;
		};
		59EF5C8229927C0C00FE8256 /* Debug */ = {
			isa = XCBuildConfiguration;
			buildSettings = {
				ASSETCATALOG_COMPILER_APPICON_NAME = AppIcon;
				ASSETCATALOG_COMPILER_GLOBAL_ACCENT_COLOR_NAME = AccentColor;
				CODE_SIGN_STYLE = Automatic;
				CURRENT_PROJECT_VERSION = 1;
				GENERATE_INFOPLIST_FILE = YES;
				INFOPLIST_FILE = DeckWorkOut/Info.plist;
				INFOPLIST_KEY_UIApplicationSupportsIndirectInputEvents = YES;
				INFOPLIST_KEY_UILaunchStoryboardName = LaunchScreen;
				INFOPLIST_KEY_UIMainStoryboardFile = Main;
				INFOPLIST_KEY_UISupportedInterfaceOrientations_iPad = "UIInterfaceOrientationPortrait UIInterfaceOrientationPortraitUpsideDown UIInterfaceOrientationLandscapeLeft UIInterfaceOrientationLandscapeRight";
				INFOPLIST_KEY_UISupportedInterfaceOrientations_iPhone = "UIInterfaceOrientationPortrait UIInterfaceOrientationLandscapeLeft UIInterfaceOrientationLandscapeRight";
				LD_RUNPATH_SEARCH_PATHS = (
					"$(inherited)",
					"@executable_path/Frameworks",
				);
				MARKETING_VERSION = 1.0;
				PRODUCT_BUNDLE_IDENTIFIER = co.docquityIntern.DeckWorkOut;
				PRODUCT_NAME = "$(TARGET_NAME)";
				SWIFT_EMIT_LOC_STRINGS = YES;
				SWIFT_VERSION = 5.0;
				TARGETED_DEVICE_FAMILY = "1,2";
			};
			name = Debug;
		};
		59EF5C8329927C0C00FE8256 /* Release */ = {
			isa = XCBuildConfiguration;
			buildSettings = {
				ASSETCATALOG_COMPILER_APPICON_NAME = AppIcon;
				ASSETCATALOG_COMPILER_GLOBAL_ACCENT_COLOR_NAME = AccentColor;
				CODE_SIGN_STYLE = Automatic;
				CURRENT_PROJECT_VERSION = 1;
				GENERATE_INFOPLIST_FILE = YES;
				INFOPLIST_FILE = DeckWorkOut/Info.plist;
				INFOPLIST_KEY_UIApplicationSupportsIndirectInputEvents = YES;
				INFOPLIST_KEY_UILaunchStoryboardName = LaunchScreen;
				INFOPLIST_KEY_UIMainStoryboardFile = Main;
				INFOPLIST_KEY_UISupportedInterfaceOrientations_iPad = "UIInterfaceOrientationPortrait UIInterfaceOrientationPortraitUpsideDown UIInterfaceOrientationLandscapeLeft UIInterfaceOrientationLandscapeRight";
				INFOPLIST_KEY_UISupportedInterfaceOrientations_iPhone = "UIInterfaceOrientationPortrait UIInterfaceOrientationLandscapeLeft UIInterfaceOrientationLandscapeRight";
				LD_RUNPATH_SEARCH_PATHS = (
					"$(inherited)",
					"@executable_path/Frameworks",
				);
				MARKETING_VERSION = 1.0;
				PRODUCT_BUNDLE_IDENTIFIER = co.docquityIntern.DeckWorkOut;
				PRODUCT_NAME = "$(TARGET_NAME)";
				SWIFT_EMIT_LOC_STRINGS = YES;
				SWIFT_VERSION = 5.0;
				TARGETED_DEVICE_FAMILY = "1,2";
			};
			name = Release;
		};
		59EF5C8529927C0C00FE8256 /* Debug */ = {
			isa = XCBuildConfiguration;
			buildSettings = {
				ALWAYS_EMBED_SWIFT_STANDARD_LIBRARIES = YES;
				BUNDLE_LOADER = "$(TEST_HOST)";
				CODE_SIGN_STYLE = Automatic;
				CURRENT_PROJECT_VERSION = 1;
				GENERATE_INFOPLIST_FILE = YES;
				IPHONEOS_DEPLOYMENT_TARGET = 16.2;
				MARKETING_VERSION = 1.0;
				PRODUCT_BUNDLE_IDENTIFIER = co.docquityIntern.DeckWorkOutTests;
				PRODUCT_NAME = "$(TARGET_NAME)";
				SWIFT_EMIT_LOC_STRINGS = NO;
				SWIFT_VERSION = 5.0;
				TARGETED_DEVICE_FAMILY = "1,2";
				TEST_HOST = "$(BUILT_PRODUCTS_DIR)/DeckWorkOut.app/$(BUNDLE_EXECUTABLE_FOLDER_PATH)/DeckWorkOut";
			};
			name = Debug;
		};
		59EF5C8629927C0C00FE8256 /* Release */ = {
			isa = XCBuildConfiguration;
			buildSettings = {
				ALWAYS_EMBED_SWIFT_STANDARD_LIBRARIES = YES;
				BUNDLE_LOADER = "$(TEST_HOST)";
				CODE_SIGN_STYLE = Automatic;
				CURRENT_PROJECT_VERSION = 1;
				GENERATE_INFOPLIST_FILE = YES;
				IPHONEOS_DEPLOYMENT_TARGET = 16.2;
				MARKETING_VERSION = 1.0;
				PRODUCT_BUNDLE_IDENTIFIER = co.docquityIntern.DeckWorkOutTests;
				PRODUCT_NAME = "$(TARGET_NAME)";
				SWIFT_EMIT_LOC_STRINGS = NO;
				SWIFT_VERSION = 5.0;
				TARGETED_DEVICE_FAMILY = "1,2";
				TEST_HOST = "$(BUILT_PRODUCTS_DIR)/DeckWorkOut.app/$(BUNDLE_EXECUTABLE_FOLDER_PATH)/DeckWorkOut";
			};
			name = Release;
		};
		59EF5C8829927C0C00FE8256 /* Debug */ = {
			isa = XCBuildConfiguration;
			buildSettings = {
				ALWAYS_EMBED_SWIFT_STANDARD_LIBRARIES = YES;
				CODE_SIGN_STYLE = Automatic;
				CURRENT_PROJECT_VERSION = 1;
				GENERATE_INFOPLIST_FILE = YES;
				MARKETING_VERSION = 1.0;
				PRODUCT_BUNDLE_IDENTIFIER = co.docquityIntern.DeckWorkOutUITests;
				PRODUCT_NAME = "$(TARGET_NAME)";
				SWIFT_EMIT_LOC_STRINGS = NO;
				SWIFT_VERSION = 5.0;
				TARGETED_DEVICE_FAMILY = "1,2";
				TEST_TARGET_NAME = DeckWorkOut;
			};
			name = Debug;
		};
		59EF5C8929927C0C00FE8256 /* Release */ = {
			isa = XCBuildConfiguration;
			buildSettings = {
				ALWAYS_EMBED_SWIFT_STANDARD_LIBRARIES = YES;
				CODE_SIGN_STYLE = Automatic;
				CURRENT_PROJECT_VERSION = 1;
				GENERATE_INFOPLIST_FILE = YES;
				MARKETING_VERSION = 1.0;
				PRODUCT_BUNDLE_IDENTIFIER = co.docquityIntern.DeckWorkOutUITests;
				PRODUCT_NAME = "$(TARGET_NAME)";
				SWIFT_EMIT_LOC_STRINGS = NO;
				SWIFT_VERSION = 5.0;
				TARGETED_DEVICE_FAMILY = "1,2";
				TEST_TARGET_NAME = DeckWorkOut;
			};
			name = Release;
		};
/* End XCBuildConfiguration section */

/* Begin XCConfigurationList section */
		59EF5C5229927C0900FE8256 /* Build configuration list for PBXProject "DeckWorkOut" */ = {
			isa = XCConfigurationList;
			buildConfigurations = (
				59EF5C7F29927C0C00FE8256 /* Debug */,
				59EF5C8029927C0C00FE8256 /* Release */,
			);
			defaultConfigurationIsVisible = 0;
			defaultConfigurationName = Release;
		};
		59EF5C8129927C0C00FE8256 /* Build configuration list for PBXNativeTarget "DeckWorkOut" */ = {
			isa = XCConfigurationList;
			buildConfigurations = (
				59EF5C8229927C0C00FE8256 /* Debug */,
				59EF5C8329927C0C00FE8256 /* Release */,
			);
			defaultConfigurationIsVisible = 0;
			defaultConfigurationName = Release;
		};
		59EF5C8429927C0C00FE8256 /* Build configuration list for PBXNativeTarget "DeckWorkOutTests" */ = {
			isa = XCConfigurationList;
			buildConfigurations = (
				59EF5C8529927C0C00FE8256 /* Debug */,
				59EF5C8629927C0C00FE8256 /* Release */,
			);
			defaultConfigurationIsVisible = 0;
			defaultConfigurationName = Release;
		};
		59EF5C8729927C0C00FE8256 /* Build configuration list for PBXNativeTarget "DeckWorkOutUITests" */ = {
			isa = XCConfigurationList;
			buildConfigurations = (
				59EF5C8829927C0C00FE8256 /* Debug */,
				59EF5C8929927C0C00FE8256 /* Release */,
			);
			defaultConfigurationIsVisible = 0;
			defaultConfigurationName = Release;
		};
/* End XCConfigurationList section */
	};
	rootObject = 59EF5C4F29927C0900FE8256 /* Project object */;
}
